// !$*UTF8*$!
{
	archiveVersion = 1;
	classes = {
	};
	objectVersion = 56;
	objects = {

/* Begin PBXBuildFile section */
		847D109729ABEEC3002AA1DA /* AppDelegate.swift in Sources */ = {isa = PBXBuildFile; fileRef = 847D109629ABEEC3002AA1DA /* AppDelegate.swift */; };
		847D109929ABEEC3002AA1DA /* SceneDelegate.swift in Sources */ = {isa = PBXBuildFile; fileRef = 847D109829ABEEC3002AA1DA /* SceneDelegate.swift */; };
		847D109B29ABEEC3002AA1DA /* LoginViewController.swift in Sources */ = {isa = PBXBuildFile; fileRef = 847D109A29ABEEC3002AA1DA /* LoginViewController.swift */; };
		847D10A029ABEEC5002AA1DA /* Assets.xcassets in Resources */ = {isa = PBXBuildFile; fileRef = 847D109F29ABEEC5002AA1DA /* Assets.xcassets */; };
		847D10A329ABEEC5002AA1DA /* LaunchScreen.storyboard in Resources */ = {isa = PBXBuildFile; fileRef = 847D10A129ABEEC5002AA1DA /* LaunchScreen.storyboard */; };
		847D10B029AC052F002AA1DA /* LoginScreen.swift in Sources */ = {isa = PBXBuildFile; fileRef = 847D10AF29AC052F002AA1DA /* LoginScreen.swift */; };
		84EA92E429AECA6300B7D121 /* RegisterViewController.swift in Sources */ = {isa = PBXBuildFile; fileRef = 84EA92E329AECA6300B7D121 /* RegisterViewController.swift */; };
		84EA92E629AED11300B7D121 /* RegisterScreen.swift in Sources */ = {isa = PBXBuildFile; fileRef = 84EA92E529AED11300B7D121 /* RegisterScreen.swift */; };
/* End PBXBuildFile section */

/* Begin PBXFileReference section */
		847D109329ABEEC3002AA1DA /* PrimeiroProjetoViewCodeDescomplicado.app */ = {isa = PBXFileReference; explicitFileType = wrapper.application; includeInIndex = 0; path = PrimeiroProjetoViewCodeDescomplicado.app; sourceTree = BUILT_PRODUCTS_DIR; };
		847D109629ABEEC3002AA1DA /* AppDelegate.swift */ = {isa = PBXFileReference; lastKnownFileType = sourcecode.swift; path = AppDelegate.swift; sourceTree = "<group>"; };
		847D109829ABEEC3002AA1DA /* SceneDelegate.swift */ = {isa = PBXFileReference; lastKnownFileType = sourcecode.swift; path = SceneDelegate.swift; sourceTree = "<group>"; };
		847D109A29ABEEC3002AA1DA /* LoginViewController.swift */ = {isa = PBXFileReference; lastKnownFileType = sourcecode.swift; path = LoginViewController.swift; sourceTree = "<group>"; };
		847D109F29ABEEC5002AA1DA /* Assets.xcassets */ = {isa = PBXFileReference; lastKnownFileType = folder.assetcatalog; path = Assets.xcassets; sourceTree = "<group>"; };
		847D10A229ABEEC5002AA1DA /* Base */ = {isa = PBXFileReference; lastKnownFileType = file.storyboard; name = Base; path = Base.lproj/LaunchScreen.storyboard; sourceTree = "<group>"; };
		847D10A429ABEEC5002AA1DA /* Info.plist */ = {isa = PBXFileReference; lastKnownFileType = text.plist.xml; path = Info.plist; sourceTree = "<group>"; };
		847D10AF29AC052F002AA1DA /* LoginScreen.swift */ = {isa = PBXFileReference; lastKnownFileType = sourcecode.swift; path = LoginScreen.swift; sourceTree = "<group>"; };
		84EA92E329AECA6300B7D121 /* RegisterViewController.swift */ = {isa = PBXFileReference; lastKnownFileType = sourcecode.swift; path = RegisterViewController.swift; sourceTree = "<group>"; };
		84EA92E529AED11300B7D121 /* RegisterScreen.swift */ = {isa = PBXFileReference; lastKnownFileType = sourcecode.swift; path = RegisterScreen.swift; sourceTree = "<group>"; };
/* End PBXFileReference section */

/* Begin PBXFrameworksBuildPhase section */
		847D109029ABEEC3002AA1DA /* Frameworks */ = {
			isa = PBXFrameworksBuildPhase;
			buildActionMask = 2147483647;
			files = (
			);
			runOnlyForDeploymentPostprocessing = 0;
		};
/* End PBXFrameworksBuildPhase section */

/* Begin PBXGroup section */
		847D108A29ABEEC3002AA1DA = {
			isa = PBXGroup;
			children = (
				847D109529ABEEC3002AA1DA /* PrimeiroProjetoViewCodeDescomplicado */,
				847D109429ABEEC3002AA1DA /* Products */,
			);
			sourceTree = "<group>";
		};
		847D109429ABEEC3002AA1DA /* Products */ = {
			isa = PBXGroup;
			children = (
				847D109329ABEEC3002AA1DA /* PrimeiroProjetoViewCodeDescomplicado.app */,
			);
			name = Products;
			sourceTree = "<group>";
		};
		847D109529ABEEC3002AA1DA /* PrimeiroProjetoViewCodeDescomplicado */ = {
			isa = PBXGroup;
			children = (
				84EA92DE29AEC9AE00B7D121 /* Register */,
				847D10AA29AC0473002AA1DA /* Login */,
				847D109629ABEEC3002AA1DA /* AppDelegate.swift */,
				847D109829ABEEC3002AA1DA /* SceneDelegate.swift */,
				847D109F29ABEEC5002AA1DA /* Assets.xcassets */,
				847D10A129ABEEC5002AA1DA /* LaunchScreen.storyboard */,
				847D10A429ABEEC5002AA1DA /* Info.plist */,
			);
			path = PrimeiroProjetoViewCodeDescomplicado;
			sourceTree = "<group>";
		};
		847D10AA29AC0473002AA1DA /* Login */ = {
			isa = PBXGroup;
			children = (
				847D10AC29AC04AD002AA1DA /* Screen */,
				847D10AB29AC0488002AA1DA /* ViewController */,
			);
			path = Login;
			sourceTree = "<group>";
		};
		847D10AB29AC0488002AA1DA /* ViewController */ = {
			isa = PBXGroup;
			children = (
				847D109A29ABEEC3002AA1DA /* LoginViewController.swift */,
			);
			path = ViewController;
			sourceTree = "<group>";
		};
		847D10AC29AC04AD002AA1DA /* Screen */ = {
			isa = PBXGroup;
			children = (
				847D10AF29AC052F002AA1DA /* LoginScreen.swift */,
			);
			path = Screen;
			sourceTree = "<group>";
		};
		84EA92DE29AEC9AE00B7D121 /* Register */ = {
			isa = PBXGroup;
			children = (
				84EA92DF29AEC9D700B7D121 /* Screen */,
				84EA92E029AEC9E000B7D121 /* ViewController */,
			);
			path = Register;
			sourceTree = "<group>";
		};
		84EA92DF29AEC9D700B7D121 /* Screen */ = {
			isa = PBXGroup;
			children = (
				84EA92E529AED11300B7D121 /* RegisterScreen.swift */,
			);
			path = Screen;
			sourceTree = "<group>";
		};
		84EA92E029AEC9E000B7D121 /* ViewController */ = {
			isa = PBXGroup;
			children = (
				84EA92E329AECA6300B7D121 /* RegisterViewController.swift */,
			);
			path = ViewController;
			sourceTree = "<group>";
		};
/* End PBXGroup section */

/* Begin PBXNativeTarget section */
		847D109229ABEEC3002AA1DA /* PrimeiroProjetoViewCodeDescomplicado */ = {
			isa = PBXNativeTarget;
			buildConfigurationList = 847D10A729ABEEC5002AA1DA /* Build configuration list for PBXNativeTarget "PrimeiroProjetoViewCodeDescomplicado" */;
			buildPhases = (
				847D108F29ABEEC3002AA1DA /* Sources */,
				847D109029ABEEC3002AA1DA /* Frameworks */,
				847D109129ABEEC3002AA1DA /* Resources */,
			);
			buildRules = (
			);
			dependencies = (
			);
			name = PrimeiroProjetoViewCodeDescomplicado;
			productName = PrimeiroProjetoViewCodeDescomplicado;
			productReference = 847D109329ABEEC3002AA1DA /* PrimeiroProjetoViewCodeDescomplicado.app */;
			productType = "com.apple.product-type.application";
		};
/* End PBXNativeTarget section */

/* Begin PBXProject section */
		847D108B29ABEEC3002AA1DA /* Project object */ = {
			isa = PBXProject;
			attributes = {
				BuildIndependentTargetsInParallel = 1;
				LastSwiftUpdateCheck = 1420;
				LastUpgradeCheck = 1420;
				TargetAttributes = {
					847D109229ABEEC3002AA1DA = {
						CreatedOnToolsVersion = 14.2;
					};
				};
			};
			buildConfigurationList = 847D108E29ABEEC3002AA1DA /* Build configuration list for PBXProject "PrimeiroProjetoViewCodeDescomplicado" */;
			compatibilityVersion = "Xcode 14.0";
			developmentRegion = en;
			hasScannedForEncodings = 0;
			knownRegions = (
				en,
				Base,
			);
			mainGroup = 847D108A29ABEEC3002AA1DA;
			productRefGroup = 847D109429ABEEC3002AA1DA /* Products */;
			projectDirPath = "";
			projectRoot = "";
			targets = (
				847D109229ABEEC3002AA1DA /* PrimeiroProjetoViewCodeDescomplicado */,
			);
		};
/* End PBXProject section */

/* Begin PBXResourcesBuildPhase section */
		847D109129ABEEC3002AA1DA /* Resources */ = {
			isa = PBXResourcesBuildPhase;
			buildActionMask = 2147483647;
			files = (
				847D10A329ABEEC5002AA1DA /* LaunchScreen.storyboard in Resources */,
				847D10A029ABEEC5002AA1DA /* Assets.xcassets in Resources */,
			);
			runOnlyForDeploymentPostprocessing = 0;
		};
/* End PBXResourcesBuildPhase section */

/* Begin PBXSourcesBuildPhase section */
		847D108F29ABEEC3002AA1DA /* Sources */ = {
			isa = PBXSourcesBuildPhase;
			buildActionMask = 2147483647;
			files = (
				84EA92E629AED11300B7D121 /* RegisterScreen.swift in Sources */,
				847D109B29ABEEC3002AA1DA /* LoginViewController.swift in Sources */,
				84EA92E429AECA6300B7D121 /* RegisterViewController.swift in Sources */,
				847D10B029AC052F002AA1DA /* LoginScreen.swift in Sources */,
				847D109729ABEEC3002AA1DA /* AppDelegate.swift in Sources */,
				847D109929ABEEC3002AA1DA /* SceneDelegate.swift in Sources */,
			);
			runOnlyForDeploymentPostprocessing = 0;
		};
/* End PBXSourcesBuildPhase section */

/* Begin PBXVariantGroup section */
		847D10A129ABEEC5002AA1DA /* LaunchScreen.storyboard */ = {
			isa = PBXVariantGroup;
			children = (
				847D10A229ABEEC5002AA1DA /* Base */,
			);
			name = LaunchScreen.storyboard;
			sourceTree = "<group>";
		};
/* End PBXVariantGroup section */

/* Begin XCBuildConfiguration section */
		847D10A529ABEEC5002AA1DA /* Debug */ = {
			isa = XCBuildConfiguration;
			buildSettings = {
				ALWAYS_SEARCH_USER_PATHS = NO;
				CLANG_ANALYZER_NONNULL = YES;
				CLANG_ANALYZER_NUMBER_OBJECT_CONVERSION = YES_AGGRESSIVE;
				CLANG_CXX_LANGUAGE_STANDARD = "gnu++20";
				CLANG_ENABLE_MODULES = YES;
				CLANG_ENABLE_OBJC_ARC = YES;
				CLANG_ENABLE_OBJC_WEAK = YES;
				CLANG_WARN_BLOCK_CAPTURE_AUTORELEASING = YES;
				CLANG_WARN_BOOL_CONVERSION = YES;
				CLANG_WARN_COMMA = YES;
				CLANG_WARN_CONSTANT_CONVERSION = YES;
				CLANG_WARN_DEPRECATED_OBJC_IMPLEMENTATIONS = YES;
				CLANG_WARN_DIRECT_OBJC_ISA_USAGE = YES_ERROR;
				CLANG_WARN_DOCUMENTATION_COMMENTS = YES;
				CLANG_WARN_EMPTY_BODY = YES;
				CLANG_WARN_ENUM_CONVERSION = YES;
				CLANG_WARN_INFINITE_RECURSION = YES;
				CLANG_WARN_INT_CONVERSION = YES;
				CLANG_WARN_NON_LITERAL_NULL_CONVERSION = YES;
				CLANG_WARN_OBJC_IMPLICIT_RETAIN_SELF = YES;
				CLANG_WARN_OBJC_LITERAL_CONVERSION = YES;
				CLANG_WARN_OBJC_ROOT_CLASS = YES_ERROR;
				CLANG_WARN_QUOTED_INCLUDE_IN_FRAMEWORK_HEADER = YES;
				CLANG_WARN_RANGE_LOOP_ANALYSIS = YES;
				CLANG_WARN_STRICT_PROTOTYPES = YES;
				CLANG_WARN_SUSPICIOUS_MOVE = YES;
				CLANG_WARN_UNGUARDED_AVAILABILITY = YES_AGGRESSIVE;
				CLANG_WARN_UNREACHABLE_CODE = YES;
				CLANG_WARN__DUPLICATE_METHOD_MATCH = YES;
				COPY_PHASE_STRIP = NO;
				DEBUG_INFORMATION_FORMAT = dwarf;
				ENABLE_STRICT_OBJC_MSGSEND = YES;
				ENABLE_TESTABILITY = YES;
				GCC_C_LANGUAGE_STANDARD = gnu11;
				GCC_DYNAMIC_NO_PIC = NO;
				GCC_NO_COMMON_BLOCKS = YES;
				GCC_OPTIMIZATION_LEVEL = 0;
				GCC_PREPROCESSOR_DEFINITIONS = (
					"DEBUG=1",
					"$(inherited)",
				);
				GCC_WARN_64_TO_32_BIT_CONVERSION = YES;
				GCC_WARN_ABOUT_RETURN_TYPE = YES_ERROR;
				GCC_WARN_UNDECLARED_SELECTOR = YES;
				GCC_WARN_UNINITIALIZED_AUTOS = YES_AGGRESSIVE;
				GCC_WARN_UNUSED_FUNCTION = YES;
				GCC_WARN_UNUSED_VARIABLE = YES;
				IPHONEOS_DEPLOYMENT_TARGET = 16.2;
				MTL_ENABLE_DEBUG_INFO = INCLUDE_SOURCE;
				MTL_FAST_MATH = YES;
				ONLY_ACTIVE_ARCH = YES;
				SDKROOT = iphoneos;
				SWIFT_ACTIVE_COMPILATION_CONDITIONS = DEBUG;
				SWIFT_OPTIMIZATION_LEVEL = "-Onone";
			};
			name = Debug;
		};
		847D10A629ABEEC5002AA1DA /* Release */ = {
			isa = XCBuildConfiguration;
			buildSettings = {
				ALWAYS_SEARCH_USER_PATHS = NO;
				CLANG_ANALYZER_NONNULL = YES;
				CLANG_ANALYZER_NUMBER_OBJECT_CONVERSION = YES_AGGRESSIVE;
				CLANG_CXX_LANGUAGE_STANDARD = "gnu++20";
				CLANG_ENABLE_MODULES = YES;
				CLANG_ENABLE_OBJC_ARC = YES;
				CLANG_ENABLE_OBJC_WEAK = YES;
				CLANG_WARN_BLOCK_CAPTURE_AUTORELEASING = YES;
				CLANG_WARN_BOOL_CONVERSION = YES;
				CLANG_WARN_COMMA = YES;
				CLANG_WARN_CONSTANT_CONVERSION = YES;
				CLANG_WARN_DEPRECATED_OBJC_IMPLEMENTATIONS = YES;
				CLANG_WARN_DIRECT_OBJC_ISA_USAGE = YES_ERROR;
				CLANG_WARN_DOCUMENTATION_COMMENTS = YES;
				CLANG_WARN_EMPTY_BODY = YES;
				CLANG_WARN_ENUM_CONVERSION = YES;
				CLANG_WARN_INFINITE_RECURSION = YES;
				CLANG_WARN_INT_CONVERSION = YES;
				CLANG_WARN_NON_LITERAL_NULL_CONVERSION = YES;
				CLANG_WARN_OBJC_IMPLICIT_RETAIN_SELF = YES;
				CLANG_WARN_OBJC_LITERAL_CONVERSION = YES;
				CLANG_WARN_OBJC_ROOT_CLASS = YES_ERROR;
				CLANG_WARN_QUOTED_INCLUDE_IN_FRAMEWORK_HEADER = YES;
				CLANG_WARN_RANGE_LOOP_ANALYSIS = YES;
				CLANG_WARN_STRICT_PROTOTYPES = YES;
				CLANG_WARN_SUSPICIOUS_MOVE = YES;
				CLANG_WARN_UNGUARDED_AVAILABILITY = YES_AGGRESSIVE;
				CLANG_WARN_UNREACHABLE_CODE = YES;
				CLANG_WARN__DUPLICATE_METHOD_MATCH = YES;
				COPY_PHASE_STRIP = NO;
				DEBUG_INFORMATION_FORMAT = "dwarf-with-dsym";
				ENABLE_NS_ASSERTIONS = NO;
				ENABLE_STRICT_OBJC_MSGSEND = YES;
				GCC_C_LANGUAGE_STANDARD = gnu11;
				GCC_NO_COMMON_BLOCKS = YES;
				GCC_WARN_64_TO_32_BIT_CONVERSION = YES;
				GCC_WARN_ABOUT_RETURN_TYPE = YES_ERROR;
				GCC_WARN_UNDECLARED_SELECTOR = YES;
				GCC_WARN_UNINITIALIZED_AUTOS = YES_AGGRESSIVE;
				GCC_WARN_UNUSED_FUNCTION = YES;
				GCC_WARN_UNUSED_VARIABLE = YES;
				IPHONEOS_DEPLOYMENT_TARGET = 16.2;
				MTL_ENABLE_DEBUG_INFO = NO;
				MTL_FAST_MATH = YES;
				SDKROOT = iphoneos;
				SWIFT_COMPILATION_MODE = wholemodule;
				SWIFT_OPTIMIZATION_LEVEL = "-O";
				VALIDATE_PRODUCT = YES;
			};
			name = Release;
		};
		847D10A829ABEEC5002AA1DA /* Debug */ = {
			isa = XCBuildConfiguration;
			buildSettings = {
				ASSETCATALOG_COMPILER_APPICON_NAME = AppIcon;
				ASSETCATALOG_COMPILER_GLOBAL_ACCENT_COLOR_NAME = AccentColor;
				CODE_SIGN_STYLE = Automatic;
				CURRENT_PROJECT_VERSION = 1;
				GENERATE_INFOPLIST_FILE = YES;
				INFOPLIST_FILE = PrimeiroProjetoViewCodeDescomplicado/Info.plist;
				INFOPLIST_KEY_UIApplicationSupportsIndirectInputEvents = YES;
				INFOPLIST_KEY_UILaunchStoryboardName = LaunchScreen;
				INFOPLIST_KEY_UIMainStoryboardFile = "";
				INFOPLIST_KEY_UISupportedInterfaceOrientations_iPad = "UIInterfaceOrientationPortrait UIInterfaceOrientationPortraitUpsideDown UIInterfaceOrientationLandscapeLeft UIInterfaceOrientationLandscapeRight";
				INFOPLIST_KEY_UISupportedInterfaceOrientations_iPhone = "UIInterfaceOrientationPortrait UIInterfaceOrientationLandscapeLeft UIInterfaceOrientationLandscapeRight";
				LD_RUNPATH_SEARCH_PATHS = (
					"$(inherited)",
					"@executable_path/Frameworks",
				);
				MARKETING_VERSION = 1.0;
				PRODUCT_BUNDLE_IDENTIFIER = WevertonMonteiro.PrimeiroProjetoViewCodeDescomplicado;
				PRODUCT_NAME = "$(TARGET_NAME)";
				SWIFT_EMIT_LOC_STRINGS = YES;
				SWIFT_VERSION = 5.0;
				TARGETED_DEVICE_FAMILY = "1,2";
			};
			name = Debug;
		};
		847D10A929ABEEC5002AA1DA /* Release */ = {
			isa = XCBuildConfiguration;
			buildSettings = {
				ASSETCATALOG_COMPILER_APPICON_NAME = AppIcon;
				ASSETCATALOG_COMPILER_GLOBAL_ACCENT_COLOR_NAME = AccentColor;
				CODE_SIGN_STYLE = Automatic;
				CURRENT_PROJECT_VERSION = 1;
				GENERATE_INFOPLIST_FILE = YES;
				INFOPLIST_FILE = PrimeiroProjetoViewCodeDescomplicado/Info.plist;
				INFOPLIST_KEY_UIApplicationSupportsIndirectInputEvents = YES;
				INFOPLIST_KEY_UILaunchStoryboardName = LaunchScreen;
				INFOPLIST_KEY_UIMainStoryboardFile = "";
				INFOPLIST_KEY_UISupportedInterfaceOrientations_iPad = "UIInterfaceOrientationPortrait UIInterfaceOrientationPortraitUpsideDown UIInterfaceOrientationLandscapeLeft UIInterfaceOrientationLandscapeRight";
				INFOPLIST_KEY_UISupportedInterfaceOrientations_iPhone = "UIInterfaceOrientationPortrait UIInterfaceOrientationLandscapeLeft UIInterfaceOrientationLandscapeRight";
				LD_RUNPATH_SEARCH_PATHS = (
					"$(inherited)",
					"@executable_path/Frameworks",
				);
				MARKETING_VERSION = 1.0;
				PRODUCT_BUNDLE_IDENTIFIER = WevertonMonteiro.PrimeiroProjetoViewCodeDescomplicado;
				PRODUCT_NAME = "$(TARGET_NAME)";
				SWIFT_EMIT_LOC_STRINGS = YES;
				SWIFT_VERSION = 5.0;
				TARGETED_DEVICE_FAMILY = "1,2";
			};
			name = Release;
		};
/* End XCBuildConfiguration section */

/* Begin XCConfigurationList section */
		847D108E29ABEEC3002AA1DA /* Build configuration list for PBXProject "PrimeiroProjetoViewCodeDescomplicado" */ = {
			isa = XCConfigurationList;
			buildConfigurations = (
				847D10A529ABEEC5002AA1DA /* Debug */,
				847D10A629ABEEC5002AA1DA /* Release */,
			);
			defaultConfigurationIsVisible = 0;
			defaultConfigurationName = Release;
		};
		847D10A729ABEEC5002AA1DA /* Build configuration list for PBXNativeTarget "PrimeiroProjetoViewCodeDescomplicado" */ = {
			isa = XCConfigurationList;
			buildConfigurations = (
				847D10A829ABEEC5002AA1DA /* Debug */,
				847D10A929ABEEC5002AA1DA /* Release */,
			);
			defaultConfigurationIsVisible = 0;
			defaultConfigurationName = Release;
		};
/* End XCConfigurationList section */
	};
	rootObject = 847D108B29ABEEC3002AA1DA /* Project object */;
}
